# This file is generated by running "yarn install" inside your project.
# Manual changes might be lost - proceed with caution!

__metadata:
  version: 6

"nestjs-clean-architecture-realworld@workspace:.":
  version: 0.0.0-use.local
  resolution: "nestjs-clean-architecture-realworld@workspace:."
  languageName: unknown
  linkType: soft
